
Microsoft Visual Studio Solution File, Format Version 12.00
# Visual Studio Version 17
VisualStudioVersion = 17.0.31912.275
MinimumVisualStudioVersion = 10.0.40219.1
Project("{2150E333-8FDC-42A3-9474-1A3956D46DE8}") = "Brazo", "Brazo", "{A5855C1E-104A-467D-86AD-A53717A8A1F9}"
EndProject
Project("{2150E333-8FDC-42A3-9474-1A3956D46DE8}") = "UI", "UI", "{3865207D-B096-43E3-9C41-9F25DEFD65F1}"
EndProject
Project("{9A19103F-16F7-4668-BE54-9A1E7A4F7556}") = "APIGateway", "UI\APIGateway\APIGateway.csproj", "{CA91D983-F9D9-4282-8043-252DF7CDBC1C}"
EndProject
Project("{9A19103F-16F7-4668-BE54-9A1E7A4F7556}") = "UserInterface", "UI\UserInterface\UserInterface.csproj", "{C8F05AE1-43CD-4A0C-88A9-9D6C1CF74EDE}"
EndProject
Project("{9A19103F-16F7-4668-BE54-9A1E7A4F7556}") = "Brazo.API", "Brazo\Brazo.API\Brazo.API.csproj", "{F9016DEE-BB56-44BF-A12D-F0B174F6F68F}"
EndProject
Project("{9A19103F-16F7-4668-BE54-9A1E7A4F7556}") = "Brazo.Core", "Brazo\Brazo.Core\Brazo.Core.csproj", "{7ECFDE0C-B389-467C-BD78-16E73862901E}"
EndProject
Project("{2150E333-8FDC-42A3-9474-1A3956D46DE8}") = "Common", "Common", "{42FEC5AA-94D7-4BF3-9160-78EB39712231}"
EndProject
Project("{9A19103F-16F7-4668-BE54-9A1E7A4F7556}") = "CommonServices", "CommonServices\CommonServices.csproj", "{2BD6623C-DFC1-4CC7-A602-043E674C70E9}"
EndProject
Project("{2150E333-8FDC-42A3-9474-1A3956D46DE8}") = "Cinta", "Cinta", "{DA443C13-F59A-4D07-BAB4-3FBFF633C189}"
EndProject
Project("{9A19103F-16F7-4668-BE54-9A1E7A4F7556}") = "CintaApi", "CintaApi\CintaApi.csproj", "{BC4B3C9C-913D-4461-B437-45B681C013D4}"
EndProject
Project("{2150E333-8FDC-42A3-9474-1A3956D46DE8}") = "Prensa", "Prensa", "{39E577AF-86CF-4141-9266-9C82E983C6FC}"
EndProject
Project("{9A19103F-16F7-4668-BE54-9A1E7A4F7556}") = "CommonDomain", "CommonDomain\CommonDomain.csproj", "{AE78F8EE-72F3-4EC7-A058-C266CED0AAB0}"
EndProject
Project("{2150E333-8FDC-42A3-9474-1A3956D46DE8}") = "ProductorDeBultos", "ProductorDeBultos", "{54D6564A-1103-4CA8-8641-9F7AC62D0429}"
EndProject
Project("{9A19103F-16F7-4668-BE54-9A1E7A4F7556}") = "TestBultoProducer", "TestBultoProducer\TestBultoProducer.csproj", "{CC1C50F9-54C7-4863-B3AD-0A5A91E04925}"
EndProject
Project("{9A19103F-16F7-4668-BE54-9A1E7A4F7556}") = "PrensaApi", "Prensa\PrensaApi.csproj", "{E0BEA36A-2596-4C8E-9805-CDDDF45D1782}"
EndProject
Global
	GlobalSection(SolutionConfigurationPlatforms) = preSolution
		Debug|Any CPU = Debug|Any CPU
		Release|Any CPU = Release|Any CPU
	EndGlobalSection
	GlobalSection(ProjectConfigurationPlatforms) = postSolution
		{CA91D983-F9D9-4282-8043-252DF7CDBC1C}.Debug|Any CPU.ActiveCfg = Debug|Any CPU
		{CA91D983-F9D9-4282-8043-252DF7CDBC1C}.Debug|Any CPU.Build.0 = Debug|Any CPU
		{CA91D983-F9D9-4282-8043-252DF7CDBC1C}.Release|Any CPU.ActiveCfg = Release|Any CPU
		{CA91D983-F9D9-4282-8043-252DF7CDBC1C}.Release|Any CPU.Build.0 = Release|Any CPU
		{C8F05AE1-43CD-4A0C-88A9-9D6C1CF74EDE}.Debug|Any CPU.ActiveCfg = Debug|Any CPU
		{C8F05AE1-43CD-4A0C-88A9-9D6C1CF74EDE}.Debug|Any CPU.Build.0 = Debug|Any CPU
		{C8F05AE1-43CD-4A0C-88A9-9D6C1CF74EDE}.Release|Any CPU.ActiveCfg = Release|Any CPU
		{C8F05AE1-43CD-4A0C-88A9-9D6C1CF74EDE}.Release|Any CPU.Build.0 = Release|Any CPU
		{F9016DEE-BB56-44BF-A12D-F0B174F6F68F}.Debug|Any CPU.ActiveCfg = Debug|Any CPU
		{F9016DEE-BB56-44BF-A12D-F0B174F6F68F}.Debug|Any CPU.Build.0 = Debug|Any CPU
		{F9016DEE-BB56-44BF-A12D-F0B174F6F68F}.Release|Any CPU.ActiveCfg = Release|Any CPU
		{F9016DEE-BB56-44BF-A12D-F0B174F6F68F}.Release|Any CPU.Build.0 = Release|Any CPU
		{7ECFDE0C-B389-467C-BD78-16E73862901E}.Debug|Any CPU.ActiveCfg = Debug|Any CPU
		{7ECFDE0C-B389-467C-BD78-16E73862901E}.Debug|Any CPU.Build.0 = Debug|Any CPU
		{7ECFDE0C-B389-467C-BD78-16E73862901E}.Release|Any CPU.ActiveCfg = Release|Any CPU
		{7ECFDE0C-B389-467C-BD78-16E73862901E}.Release|Any CPU.Build.0 = Release|Any CPU
		{2BD6623C-DFC1-4CC7-A602-043E674C70E9}.Debug|Any CPU.ActiveCfg = Debug|Any CPU
		{2BD6623C-DFC1-4CC7-A602-043E674C70E9}.Debug|Any CPU.Build.0 = Debug|Any CPU
		{2BD6623C-DFC1-4CC7-A602-043E674C70E9}.Release|Any CPU.ActiveCfg = Release|Any CPU
		{2BD6623C-DFC1-4CC7-A602-043E674C70E9}.Release|Any CPU.Build.0 = Release|Any CPU
		{BC4B3C9C-913D-4461-B437-45B681C013D4}.Debug|Any CPU.ActiveCfg = Debug|Any CPU
		{BC4B3C9C-913D-4461-B437-45B681C013D4}.Debug|Any CPU.Build.0 = Debug|Any CPU
		{BC4B3C9C-913D-4461-B437-45B681C013D4}.Release|Any CPU.ActiveCfg = Release|Any CPU
		{BC4B3C9C-913D-4461-B437-45B681C013D4}.Release|Any CPU.Build.0 = Release|Any CPU
		{AE78F8EE-72F3-4EC7-A058-C266CED0AAB0}.Debug|Any CPU.ActiveCfg = Debug|Any CPU
		{AE78F8EE-72F3-4EC7-A058-C266CED0AAB0}.Debug|Any CPU.Build.0 = Debug|Any CPU
		{AE78F8EE-72F3-4EC7-A058-C266CED0AAB0}.Release|Any CPU.ActiveCfg = Release|Any CPU
		{AE78F8EE-72F3-4EC7-A058-C266CED0AAB0}.Release|Any CPU.Build.0 = Release|Any CPU
		{CC1C50F9-54C7-4863-B3AD-0A5A91E04925}.Debug|Any CPU.ActiveCfg = Debug|Any CPU
		{CC1C50F9-54C7-4863-B3AD-0A5A91E04925}.Debug|Any CPU.Build.0 = Debug|Any CPU
		{CC1C50F9-54C7-4863-B3AD-0A5A91E04925}.Release|Any CPU.ActiveCfg = Release|Any CPU
		{CC1C50F9-54C7-4863-B3AD-0A5A91E04925}.Release|Any CPU.Build.0 = Release|Any CPU
		{E0BEA36A-2596-4C8E-9805-CDDDF45D1782}.Debug|Any CPU.ActiveCfg = Debug|Any CPU
		{E0BEA36A-2596-4C8E-9805-CDDDF45D1782}.Debug|Any CPU.Build.0 = Debug|Any CPU
		{E0BEA36A-2596-4C8E-9805-CDDDF45D1782}.Release|Any CPU.ActiveCfg = Release|Any CPU
		{E0BEA36A-2596-4C8E-9805-CDDDF45D1782}.Release|Any CPU.Build.0 = Release|Any CPU
	EndGlobalSection
	GlobalSection(SolutionProperties) = preSolution
		HideSolutionNode = FALSE
	EndGlobalSection
	GlobalSection(NestedProjects) = preSolution
		{CA91D983-F9D9-4282-8043-252DF7CDBC1C} = {3865207D-B096-43E3-9C41-9F25DEFD65F1}
		{C8F05AE1-43CD-4A0C-88A9-9D6C1CF74EDE} = {3865207D-B096-43E3-9C41-9F25DEFD65F1}
		{F9016DEE-BB56-44BF-A12D-F0B174F6F68F} = {A5855C1E-104A-467D-86AD-A53717A8A1F9}
		{7ECFDE0C-B389-467C-BD78-16E73862901E} = {A5855C1E-104A-467D-86AD-A53717A8A1F9}
		{2BD6623C-DFC1-4CC7-A602-043E674C70E9} = {42FEC5AA-94D7-4BF3-9160-78EB39712231}
		{BC4B3C9C-913D-4461-B437-45B681C013D4} = {DA443C13-F59A-4D07-BAB4-3FBFF633C189}
		{AE78F8EE-72F3-4EC7-A058-C266CED0AAB0} = {42FEC5AA-94D7-4BF3-9160-78EB39712231}
		{CC1C50F9-54C7-4863-B3AD-0A5A91E04925} = {54D6564A-1103-4CA8-8641-9F7AC62D0429}
		{E0BEA36A-2596-4C8E-9805-CDDDF45D1782} = {39E577AF-86CF-4141-9266-9C82E983C6FC}
	EndGlobalSection
	GlobalSection(ExtensibilityGlobals) = postSolution
		SolutionGuid = {A1F2A8E8-481F-4A4E-A4F4-21F749039EA4}
	EndGlobalSection
EndGlobal
